// !$*UTF8*$!
{
	archiveVersion = 1;
	classes = {
	};
	objectVersion = 56;
	objects = {

/* Begin PBXBuildFile section */
		C55401A02BBC843900C9ED1A /* Codable21.swift in Sources */ = {isa = PBXBuildFile; fileRef = C554019F2BBC843900C9ED1A /* Codable21.swift */; };
		C55401A22BBC97E500C9ED1A /* DownloadEscaping22.swift in Sources */ = {isa = PBXBuildFile; fileRef = C55401A12BBC97E500C9ED1A /* DownloadEscaping22.swift */; };
		C55401A42BBCBDF800C9ED1A /* DownloadWithCombine23.swift in Sources */ = {isa = PBXBuildFile; fileRef = C55401A32BBCBDF800C9ED1A /* DownloadWithCombine23.swift */; };
		C59531CE2BADCF90006A5AF7 /* IntemediateCourseApp.swift in Sources */ = {isa = PBXBuildFile; fileRef = C59531CD2BADCF90006A5AF7 /* IntemediateCourseApp.swift */; };
		C59531D02BADCF91006A5AF7 /* ContentView.swift in Sources */ = {isa = PBXBuildFile; fileRef = C59531CF2BADCF90006A5AF7 /* ContentView.swift */; };
		C59531D22BADCF92006A5AF7 /* Assets.xcassets in Resources */ = {isa = PBXBuildFile; fileRef = C59531D12BADCF92006A5AF7 /* Assets.xcassets */; };
		C59531D52BADCF92006A5AF7 /* Preview Assets.xcassets in Resources */ = {isa = PBXBuildFile; fileRef = C59531D42BADCF92006A5AF7 /* Preview Assets.xcassets */; };
		C59531DC2BAE4E56006A5AF7 /* MagnificationGesture2.swift in Sources */ = {isa = PBXBuildFile; fileRef = C59531DB2BAE4E56006A5AF7 /* MagnificationGesture2.swift */; };
		C59531DE2BAEF87E006A5AF7 /* RotationGesture3.swift in Sources */ = {isa = PBXBuildFile; fileRef = C59531DD2BAEF87E006A5AF7 /* RotationGesture3.swift */; };
		C59531E02BAEFE59006A5AF7 /* DragGesture4.swift in Sources */ = {isa = PBXBuildFile; fileRef = C59531DF2BAEFE59006A5AF7 /* DragGesture4.swift */; };
		C59531E22BAF0D2B006A5AF7 /* DragGesture4part2.swift in Sources */ = {isa = PBXBuildFile; fileRef = C59531E12BAF0D2B006A5AF7 /* DragGesture4part2.swift */; };
		C59531E42BAF62A5006A5AF7 /* ScrollViewReader5.swift in Sources */ = {isa = PBXBuildFile; fileRef = C59531E32BAF62A5006A5AF7 /* ScrollViewReader5.swift */; };
		C59531E62BAF6AA5006A5AF7 /* GeometryReader5.swift in Sources */ = {isa = PBXBuildFile; fileRef = C59531E52BAF6AA5006A5AF7 /* GeometryReader5.swift */; };
		C59531E82BAF77F9006A5AF7 /* MultipleSheets7.swift in Sources */ = {isa = PBXBuildFile; fileRef = C59531E72BAF77F9006A5AF7 /* MultipleSheets7.swift */; };
		C59531EA2BAF8513006A5AF7 /* Mask8.swift in Sources */ = {isa = PBXBuildFile; fileRef = C59531E92BAF8513006A5AF7 /* Mask8.swift */; };
		C59531EC2BAF8A90006A5AF7 /* SoundEffects9.swift in Sources */ = {isa = PBXBuildFile; fileRef = C59531EB2BAF8A90006A5AF7 /* SoundEffects9.swift */; };
		C59531EF2BAF8F37006A5AF7 /* grindr.mp3 in Resources */ = {isa = PBXBuildFile; fileRef = C59531EE2BAF8F37006A5AF7 /* grindr.mp3 */; };
		C59531F12BAF8F42006A5AF7 /* tada.mp3 in Resources */ = {isa = PBXBuildFile; fileRef = C59531F02BAF8F42006A5AF7 /* tada.mp3 */; };
		C59531F32BB046DA006A5AF7 /* Haptics10.swift in Sources */ = {isa = PBXBuildFile; fileRef = C59531F22BB046DA006A5AF7 /* Haptics10.swift */; };
		C59531F52BB049ED006A5AF7 /* LocalNotifications11.swift in Sources */ = {isa = PBXBuildFile; fileRef = C59531F42BB049ED006A5AF7 /* LocalNotifications11.swift */; };
		C59531F72BB0B359006A5AF7 /* Hashable12.swift in Sources */ = {isa = PBXBuildFile; fileRef = C59531F62BB0B359006A5AF7 /* Hashable12.swift */; };
		C59531F92BB0BDE7006A5AF7 /* Arrays13.swift in Sources */ = {isa = PBXBuildFile; fileRef = C59531F82BB0BDE7006A5AF7 /* Arrays13.swift */; };
		C595321A2BB2096A006A5AF7 /* CoreData15.swift in Sources */ = {isa = PBXBuildFile; fileRef = C59532192BB2096A006A5AF7 /* CoreData15.swift */; };
		C595321D2BB20AF9006A5AF7 /* FruitsContainer.xcdatamodeld in Sources */ = {isa = PBXBuildFile; fileRef = C595321B2BB20AF9006A5AF7 /* FruitsContainer.xcdatamodeld */; };
		C5B0FC572BBDF2FB0024530F /* Timer24.swift in Sources */ = {isa = PBXBuildFile; fileRef = C5B0FC562BBDF2FB0024530F /* Timer24.swift */; };
		C5B0FC592BBE11710024530F /* Subscriber25.swift in Sources */ = {isa = PBXBuildFile; fileRef = C5B0FC582BBE11710024530F /* Subscriber25.swift */; };
		C5F17F602BB2311C00F75255 /* CoreDataRelationships16.swift in Sources */ = {isa = PBXBuildFile; fileRef = C5F17F5F2BB2311C00F75255 /* CoreDataRelationships16.swift */; };
		C5F17F632BB232D900F75255 /* CoreDataContainer.xcdatamodeld in Sources */ = {isa = PBXBuildFile; fileRef = C5F17F612BB232D900F75255 /* CoreDataContainer.xcdatamodeld */; };
		C5F334F62BC33C0400A76471 /* FileManager26.swift in Sources */ = {isa = PBXBuildFile; fileRef = C5F334F52BC33C0400A76471 /* FileManager26.swift */; };
		C5F334F82BC4132800A76471 /* NSCache27.swift in Sources */ = {isa = PBXBuildFile; fileRef = C5F334F72BC4132800A76471 /* NSCache27.swift */; };
		C5F334FF2BC4277C00A76471 /* DownloadingImages28.swift in Sources */ = {isa = PBXBuildFile; fileRef = C5F334FE2BC4277C00A76471 /* DownloadingImages28.swift */; };
		C5F335012BC42A2600A76471 /* PhotoModel.swift in Sources */ = {isa = PBXBuildFile; fileRef = C5F335002BC42A2600A76471 /* PhotoModel.swift */; };
		C5F335032BC42B6900A76471 /* DownloadingImagesViewModel.swift in Sources */ = {isa = PBXBuildFile; fileRef = C5F335022BC42B6900A76471 /* DownloadingImagesViewModel.swift */; };
		C5F335052BC42C9F00A76471 /* PhotoModelDataService.swift in Sources */ = {isa = PBXBuildFile; fileRef = C5F335042BC42C9F00A76471 /* PhotoModelDataService.swift */; };
		C5F335072BC43C7E00A76471 /* DownloadingImagesRow.swift in Sources */ = {isa = PBXBuildFile; fileRef = C5F335062BC43C7E00A76471 /* DownloadingImagesRow.swift */; };
		C5F335092BC4423000A76471 /* DownloadingImageView.swift in Sources */ = {isa = PBXBuildFile; fileRef = C5F335082BC4423000A76471 /* DownloadingImageView.swift */; };
		C5F3350B2BC442BB00A76471 /* ImageLoadingViewModel.swift in Sources */ = {isa = PBXBuildFile; fileRef = C5F3350A2BC442BB00A76471 /* ImageLoadingViewModel.swift */; };
		C5F3350D2BC46B6D00A76471 /* PhotoModelCacheManager.swift in Sources */ = {isa = PBXBuildFile; fileRef = C5F3350C2BC46B6D00A76471 /* PhotoModelCacheManager.swift */; };
		C5F3350F2BC46E5800A76471 /* PhotoModelFileManager.swift in Sources */ = {isa = PBXBuildFile; fileRef = C5F3350E2BC46E5800A76471 /* PhotoModelFileManager.swift */; };
		C5F783EC2BB5ED69000966E9 /* BackgroundThread17.swift in Sources */ = {isa = PBXBuildFile; fileRef = C5F783EB2BB5ED69000966E9 /* BackgroundThread17.swift */; };
		C5F783EE2BB5FEFF000966E9 /* WeakSelf18.swift in Sources */ = {isa = PBXBuildFile; fileRef = C5F783ED2BB5FEFF000966E9 /* WeakSelf18.swift */; };
		C5F783F02BB608DF000966E9 /* Typealias19.swift in Sources */ = {isa = PBXBuildFile; fileRef = C5F783EF2BB608DF000966E9 /* Typealias19.swift */; };
		C5F783F22BB60B2B000966E9 /* Escaping20.swift in Sources */ = {isa = PBXBuildFile; fileRef = C5F783F12BB60B2B000966E9 /* Escaping20.swift */; };
/* End PBXBuildFile section */

/* Begin PBXFileReference section */
		C554019F2BBC843900C9ED1A /* Codable21.swift */ = {isa = PBXFileReference; lastKnownFileType = sourcecode.swift; path = Codable21.swift; sourceTree = "<group>"; };
		C55401A12BBC97E500C9ED1A /* DownloadEscaping22.swift */ = {isa = PBXFileReference; lastKnownFileType = sourcecode.swift; path = DownloadEscaping22.swift; sourceTree = "<group>"; };
		C55401A32BBCBDF800C9ED1A /* DownloadWithCombine23.swift */ = {isa = PBXFileReference; lastKnownFileType = sourcecode.swift; path = DownloadWithCombine23.swift; sourceTree = "<group>"; };
		C59531CA2BADCF90006A5AF7 /* IntemediateCourse.app */ = {isa = PBXFileReference; explicitFileType = wrapper.application; includeInIndex = 0; path = IntemediateCourse.app; sourceTree = BUILT_PRODUCTS_DIR; };
		C59531CD2BADCF90006A5AF7 /* IntemediateCourseApp.swift */ = {isa = PBXFileReference; lastKnownFileType = sourcecode.swift; path = IntemediateCourseApp.swift; sourceTree = "<group>"; };
		C59531CF2BADCF90006A5AF7 /* ContentView.swift */ = {isa = PBXFileReference; lastKnownFileType = sourcecode.swift; path = ContentView.swift; sourceTree = "<group>"; };
		C59531D12BADCF92006A5AF7 /* Assets.xcassets */ = {isa = PBXFileReference; lastKnownFileType = folder.assetcatalog; path = Assets.xcassets; sourceTree = "<group>"; };
		C59531D42BADCF92006A5AF7 /* Preview Assets.xcassets */ = {isa = PBXFileReference; lastKnownFileType = folder.assetcatalog; path = "Preview Assets.xcassets"; sourceTree = "<group>"; };
		C59531DB2BAE4E56006A5AF7 /* MagnificationGesture2.swift */ = {isa = PBXFileReference; lastKnownFileType = sourcecode.swift; path = MagnificationGesture2.swift; sourceTree = "<group>"; };
		C59531DD2BAEF87E006A5AF7 /* RotationGesture3.swift */ = {isa = PBXFileReference; lastKnownFileType = sourcecode.swift; path = RotationGesture3.swift; sourceTree = "<group>"; };
		C59531DF2BAEFE59006A5AF7 /* DragGesture4.swift */ = {isa = PBXFileReference; lastKnownFileType = sourcecode.swift; path = DragGesture4.swift; sourceTree = "<group>"; };
		C59531E12BAF0D2B006A5AF7 /* DragGesture4part2.swift */ = {isa = PBXFileReference; lastKnownFileType = sourcecode.swift; path = DragGesture4part2.swift; sourceTree = "<group>"; };
		C59531E32BAF62A5006A5AF7 /* ScrollViewReader5.swift */ = {isa = PBXFileReference; lastKnownFileType = sourcecode.swift; path = ScrollViewReader5.swift; sourceTree = "<group>"; };
		C59531E52BAF6AA5006A5AF7 /* GeometryReader5.swift */ = {isa = PBXFileReference; lastKnownFileType = sourcecode.swift; path = GeometryReader5.swift; sourceTree = "<group>"; };
		C59531E72BAF77F9006A5AF7 /* MultipleSheets7.swift */ = {isa = PBXFileReference; lastKnownFileType = sourcecode.swift; path = MultipleSheets7.swift; sourceTree = "<group>"; };
		C59531E92BAF8513006A5AF7 /* Mask8.swift */ = {isa = PBXFileReference; lastKnownFileType = sourcecode.swift; path = Mask8.swift; sourceTree = "<group>"; };
		C59531EB2BAF8A90006A5AF7 /* SoundEffects9.swift */ = {isa = PBXFileReference; lastKnownFileType = sourcecode.swift; path = SoundEffects9.swift; sourceTree = "<group>"; };
		C59531EE2BAF8F37006A5AF7 /* grindr.mp3 */ = {isa = PBXFileReference; lastKnownFileType = audio.mp3; path = grindr.mp3; sourceTree = "<group>"; };
		C59531F02BAF8F42006A5AF7 /* tada.mp3 */ = {isa = PBXFileReference; lastKnownFileType = audio.mp3; path = tada.mp3; sourceTree = "<group>"; };
		C59531F22BB046DA006A5AF7 /* Haptics10.swift */ = {isa = PBXFileReference; lastKnownFileType = sourcecode.swift; path = Haptics10.swift; sourceTree = "<group>"; };
		C59531F42BB049ED006A5AF7 /* LocalNotifications11.swift */ = {isa = PBXFileReference; lastKnownFileType = sourcecode.swift; path = LocalNotifications11.swift; sourceTree = "<group>"; };
		C59531F62BB0B359006A5AF7 /* Hashable12.swift */ = {isa = PBXFileReference; lastKnownFileType = sourcecode.swift; path = Hashable12.swift; sourceTree = "<group>"; };
		C59531F82BB0BDE7006A5AF7 /* Arrays13.swift */ = {isa = PBXFileReference; lastKnownFileType = sourcecode.swift; path = Arrays13.swift; sourceTree = "<group>"; };
		C59532192BB2096A006A5AF7 /* CoreData15.swift */ = {isa = PBXFileReference; lastKnownFileType = sourcecode.swift; path = CoreData15.swift; sourceTree = "<group>"; };
		C595321C2BB20AF9006A5AF7 /* FruitsContainer.xcdatamodel */ = {isa = PBXFileReference; lastKnownFileType = wrapper.xcdatamodel; path = FruitsContainer.xcdatamodel; sourceTree = "<group>"; };
		C5B0FC562BBDF2FB0024530F /* Timer24.swift */ = {isa = PBXFileReference; lastKnownFileType = sourcecode.swift; path = Timer24.swift; sourceTree = "<group>"; };
		C5B0FC582BBE11710024530F /* Subscriber25.swift */ = {isa = PBXFileReference; lastKnownFileType = sourcecode.swift; path = Subscriber25.swift; sourceTree = "<group>"; };
		C5F17F5F2BB2311C00F75255 /* CoreDataRelationships16.swift */ = {isa = PBXFileReference; lastKnownFileType = sourcecode.swift; path = CoreDataRelationships16.swift; sourceTree = "<group>"; };
		C5F17F622BB232D900F75255 /* CoreDataContainer.xcdatamodel */ = {isa = PBXFileReference; lastKnownFileType = wrapper.xcdatamodel; path = CoreDataContainer.xcdatamodel; sourceTree = "<group>"; };
		C5F334F52BC33C0400A76471 /* FileManager26.swift */ = {isa = PBXFileReference; lastKnownFileType = sourcecode.swift; path = FileManager26.swift; sourceTree = "<group>"; };
		C5F334F72BC4132800A76471 /* NSCache27.swift */ = {isa = PBXFileReference; lastKnownFileType = sourcecode.swift; path = NSCache27.swift; sourceTree = "<group>"; };
		C5F334FE2BC4277C00A76471 /* DownloadingImages28.swift */ = {isa = PBXFileReference; lastKnownFileType = sourcecode.swift; path = DownloadingImages28.swift; sourceTree = "<group>"; };
		C5F335002BC42A2600A76471 /* PhotoModel.swift */ = {isa = PBXFileReference; lastKnownFileType = sourcecode.swift; path = PhotoModel.swift; sourceTree = "<group>"; };
		C5F335022BC42B6900A76471 /* DownloadingImagesViewModel.swift */ = {isa = PBXFileReference; lastKnownFileType = sourcecode.swift; path = DownloadingImagesViewModel.swift; sourceTree = "<group>"; };
		C5F335042BC42C9F00A76471 /* PhotoModelDataService.swift */ = {isa = PBXFileReference; lastKnownFileType = sourcecode.swift; path = PhotoModelDataService.swift; sourceTree = "<group>"; };
		C5F335062BC43C7E00A76471 /* DownloadingImagesRow.swift */ = {isa = PBXFileReference; lastKnownFileType = sourcecode.swift; path = DownloadingImagesRow.swift; sourceTree = "<group>"; };
		C5F335082BC4423000A76471 /* DownloadingImageView.swift */ = {isa = PBXFileReference; lastKnownFileType = sourcecode.swift; path = DownloadingImageView.swift; sourceTree = "<group>"; };
		C5F3350A2BC442BB00A76471 /* ImageLoadingViewModel.swift */ = {isa = PBXFileReference; lastKnownFileType = sourcecode.swift; path = ImageLoadingViewModel.swift; sourceTree = "<group>"; };
		C5F3350C2BC46B6D00A76471 /* PhotoModelCacheManager.swift */ = {isa = PBXFileReference; lastKnownFileType = sourcecode.swift; path = PhotoModelCacheManager.swift; sourceTree = "<group>"; };
		C5F3350E2BC46E5800A76471 /* PhotoModelFileManager.swift */ = {isa = PBXFileReference; lastKnownFileType = sourcecode.swift; path = PhotoModelFileManager.swift; sourceTree = "<group>"; };
		C5F783EB2BB5ED69000966E9 /* BackgroundThread17.swift */ = {isa = PBXFileReference; lastKnownFileType = sourcecode.swift; path = BackgroundThread17.swift; sourceTree = "<group>"; };
		C5F783ED2BB5FEFF000966E9 /* WeakSelf18.swift */ = {isa = PBXFileReference; lastKnownFileType = sourcecode.swift; path = WeakSelf18.swift; sourceTree = "<group>"; };
		C5F783EF2BB608DF000966E9 /* Typealias19.swift */ = {isa = PBXFileReference; lastKnownFileType = sourcecode.swift; path = Typealias19.swift; sourceTree = "<group>"; };
		C5F783F12BB60B2B000966E9 /* Escaping20.swift */ = {isa = PBXFileReference; lastKnownFileType = sourcecode.swift; path = Escaping20.swift; sourceTree = "<group>"; };
/* End PBXFileReference section */

/* Begin PBXFrameworksBuildPhase section */
		C59531C72BADCF90006A5AF7 /* Frameworks */ = {
			isa = PBXFrameworksBuildPhase;
			buildActionMask = 2147483647;
			files = (
			);
			runOnlyForDeploymentPostprocessing = 0;
		};
/* End PBXFrameworksBuildPhase section */

/* Begin PBXGroup section */
		C59531C12BADCF90006A5AF7 = {
			isa = PBXGroup;
			children = (
				C59531CC2BADCF90006A5AF7 /* IntemediateCourse */,
				C59531CB2BADCF90006A5AF7 /* Products */,
			);
			sourceTree = "<group>";
		};
		C59531CB2BADCF90006A5AF7 /* Products */ = {
			isa = PBXGroup;
			children = (
				C59531CA2BADCF90006A5AF7 /* IntemediateCourse.app */,
			);
			name = Products;
			sourceTree = "<group>";
		};
		C59531CC2BADCF90006A5AF7 /* IntemediateCourse */ = {
			isa = PBXGroup;
			children = (
				C59531CD2BADCF90006A5AF7 /* IntemediateCourseApp.swift */,
				C59531DB2BAE4E56006A5AF7 /* MagnificationGesture2.swift */,
				C59531E12BAF0D2B006A5AF7 /* DragGesture4part2.swift */,
				C55401A12BBC97E500C9ED1A /* DownloadEscaping22.swift */,
				C5B0FC562BBDF2FB0024530F /* Timer24.swift */,
				C59531EB2BAF8A90006A5AF7 /* SoundEffects9.swift */,
				C59531F22BB046DA006A5AF7 /* Haptics10.swift */,
				C5F783EF2BB608DF000966E9 /* Typealias19.swift */,
				C5F783EB2BB5ED69000966E9 /* BackgroundThread17.swift */,
				C59531F42BB049ED006A5AF7 /* LocalNotifications11.swift */,
				C5F334F72BC4132800A76471 /* NSCache27.swift */,
				C5F334F52BC33C0400A76471 /* FileManager26.swift */,
				C5F334F92BC4272800A76471 /* DownloadingImages */,
				C554019F2BBC843900C9ED1A /* Codable21.swift */,
				C59531E32BAF62A5006A5AF7 /* ScrollViewReader5.swift */,
				C5F783F12BB60B2B000966E9 /* Escaping20.swift */,
				C55401A32BBCBDF800C9ED1A /* DownloadWithCombine23.swift */,
				C5F783ED2BB5FEFF000966E9 /* WeakSelf18.swift */,
				C5B0FC582BBE11710024530F /* Subscriber25.swift */,
				C5F17F5F2BB2311C00F75255 /* CoreDataRelationships16.swift */,
				C5F17F612BB232D900F75255 /* CoreDataContainer.xcdatamodeld */,
				C59532192BB2096A006A5AF7 /* CoreData15.swift */,
				C59531F82BB0BDE7006A5AF7 /* Arrays13.swift */,
				C595321B2BB20AF9006A5AF7 /* FruitsContainer.xcdatamodeld */,
				C59531E92BAF8513006A5AF7 /* Mask8.swift */,
				C59531F62BB0B359006A5AF7 /* Hashable12.swift */,
				C59531E72BAF77F9006A5AF7 /* MultipleSheets7.swift */,
				C59531E52BAF6AA5006A5AF7 /* GeometryReader5.swift */,
				C59531DD2BAEF87E006A5AF7 /* RotationGesture3.swift */,
				C59531ED2BAF8F22006A5AF7 /* Sounds */,
				C59531DF2BAEFE59006A5AF7 /* DragGesture4.swift */,
				C59531CF2BADCF90006A5AF7 /* ContentView.swift */,
				C59531D12BADCF92006A5AF7 /* Assets.xcassets */,
				C59531D32BADCF92006A5AF7 /* Preview Content */,
			);
			path = IntemediateCourse;
			sourceTree = "<group>";
		};
		C59531D32BADCF92006A5AF7 /* Preview Content */ = {
			isa = PBXGroup;
			children = (
				C59531D42BADCF92006A5AF7 /* Preview Assets.xcassets */,
			);
			path = "Preview Content";
			sourceTree = "<group>";
		};
		C59531ED2BAF8F22006A5AF7 /* Sounds */ = {
			isa = PBXGroup;
			children = (
				C59531F02BAF8F42006A5AF7 /* tada.mp3 */,
				C59531EE2BAF8F37006A5AF7 /* grindr.mp3 */,
			);
			path = Sounds;
			sourceTree = "<group>";
		};
		C5F334F92BC4272800A76471 /* DownloadingImages */ = {
			isa = PBXGroup;
			children = (
				C5F334FD2BC4276600A76471 /* Utilities */,
				C5F334FC2BC4275E00A76471 /* ViewModels */,
				C5F334FB2BC4275600A76471 /* Views */,
				C5F334FA2BC4274900A76471 /* Models */,
			);
			path = DownloadingImages;
			sourceTree = "<group>";
		};
		C5F334FA2BC4274900A76471 /* Models */ = {
			isa = PBXGroup;
			children = (
				C5F335002BC42A2600A76471 /* PhotoModel.swift */,
			);
			path = Models;
			sourceTree = "<group>";
		};
		C5F334FB2BC4275600A76471 /* Views */ = {
			isa = PBXGroup;
			children = (
				C5F334FE2BC4277C00A76471 /* DownloadingImages28.swift */,
				C5F335062BC43C7E00A76471 /* DownloadingImagesRow.swift */,
				C5F335082BC4423000A76471 /* DownloadingImageView.swift */,
			);
			path = Views;
			sourceTree = "<group>";
		};
		C5F334FC2BC4275E00A76471 /* ViewModels */ = {
			isa = PBXGroup;
			children = (
				C5F335022BC42B6900A76471 /* DownloadingImagesViewModel.swift */,
				C5F3350A2BC442BB00A76471 /* ImageLoadingViewModel.swift */,
			);
			path = ViewModels;
			sourceTree = "<group>";
		};
		C5F334FD2BC4276600A76471 /* Utilities */ = {
			isa = PBXGroup;
			children = (
				C5F335042BC42C9F00A76471 /* PhotoModelDataService.swift */,
				C5F3350C2BC46B6D00A76471 /* PhotoModelCacheManager.swift */,
				C5F3350E2BC46E5800A76471 /* PhotoModelFileManager.swift */,
			);
			path = Utilities;
			sourceTree = "<group>";
		};
/* End PBXGroup section */

/* Begin PBXNativeTarget section */
		C59531C92BADCF90006A5AF7 /* IntemediateCourse */ = {
			isa = PBXNativeTarget;
			buildConfigurationList = C59531D82BADCF92006A5AF7 /* Build configuration list for PBXNativeTarget "IntemediateCourse" */;
			buildPhases = (
				C59531C62BADCF90006A5AF7 /* Sources */,
				C59531C72BADCF90006A5AF7 /* Frameworks */,
				C59531C82BADCF90006A5AF7 /* Resources */,
			);
			buildRules = (
			);
			dependencies = (
			);
			name = IntemediateCourse;
			productName = IntemediateCourse;
			productReference = C59531CA2BADCF90006A5AF7 /* IntemediateCourse.app */;
			productType = "com.apple.product-type.application";
		};
/* End PBXNativeTarget section */

/* Begin PBXProject section */
		C59531C22BADCF90006A5AF7 /* Project object */ = {
			isa = PBXProject;
			attributes = {
				BuildIndependentTargetsInParallel = 1;
				LastSwiftUpdateCheck = 1400;
				LastUpgradeCheck = 1400;
				TargetAttributes = {
					C59531C92BADCF90006A5AF7 = {
						CreatedOnToolsVersion = 14.0;
					};
				};
			};
			buildConfigurationList = C59531C52BADCF90006A5AF7 /* Build configuration list for PBXProject "IntemediateCourse" */;
			compatibilityVersion = "Xcode 14.0";
			developmentRegion = en;
			hasScannedForEncodings = 0;
			knownRegions = (
				en,
				Base,
			);
			mainGroup = C59531C12BADCF90006A5AF7;
			productRefGroup = C59531CB2BADCF90006A5AF7 /* Products */;
			projectDirPath = "";
			projectRoot = "";
			targets = (
				C59531C92BADCF90006A5AF7 /* IntemediateCourse */,
			);
		};
/* End PBXProject section */

/* Begin PBXResourcesBuildPhase section */
		C59531C82BADCF90006A5AF7 /* Resources */ = {
			isa = PBXResourcesBuildPhase;
			buildActionMask = 2147483647;
			files = (
				C59531F12BAF8F42006A5AF7 /* tada.mp3 in Resources */,
				C59531D52BADCF92006A5AF7 /* Preview Assets.xcassets in Resources */,
				C59531EF2BAF8F37006A5AF7 /* grindr.mp3 in Resources */,
				C59531D22BADCF92006A5AF7 /* Assets.xcassets in Resources */,
			);
			runOnlyForDeploymentPostprocessing = 0;
		};
/* End PBXResourcesBuildPhase section */

/* Begin PBXSourcesBuildPhase section */
		C59531C62BADCF90006A5AF7 /* Sources */ = {
			isa = PBXSourcesBuildPhase;
			buildActionMask = 2147483647;
			files = (
				C59531DC2BAE4E56006A5AF7 /* MagnificationGesture2.swift in Sources */,
				C5F17F602BB2311C00F75255 /* CoreDataRelationships16.swift in Sources */,
				C59531EC2BAF8A90006A5AF7 /* SoundEffects9.swift in Sources */,
				C5F783F22BB60B2B000966E9 /* Escaping20.swift in Sources */,
				C5F334F62BC33C0400A76471 /* FileManager26.swift in Sources */,
				C5F3350B2BC442BB00A76471 /* ImageLoadingViewModel.swift in Sources */,
				C5B0FC572BBDF2FB0024530F /* Timer24.swift in Sources */,
				C5F335052BC42C9F00A76471 /* PhotoModelDataService.swift in Sources */,
				C5F335012BC42A2600A76471 /* PhotoModel.swift in Sources */,
				C5F334F82BC4132800A76471 /* NSCache27.swift in Sources */,
				C595321D2BB20AF9006A5AF7 /* FruitsContainer.xcdatamodeld in Sources */,
				C5F783EE2BB5FEFF000966E9 /* WeakSelf18.swift in Sources */,
				C59531D02BADCF91006A5AF7 /* ContentView.swift in Sources */,
				C59531E22BAF0D2B006A5AF7 /* DragGesture4part2.swift in Sources */,
				C55401A42BBCBDF800C9ED1A /* DownloadWithCombine23.swift in Sources */,
				C595321A2BB2096A006A5AF7 /* CoreData15.swift in Sources */,
				C59531E02BAEFE59006A5AF7 /* DragGesture4.swift in Sources */,
				C5B0FC592BBE11710024530F /* Subscriber25.swift in Sources */,
				C5F335032BC42B6900A76471 /* DownloadingImagesViewModel.swift in Sources */,
				C59531EA2BAF8513006A5AF7 /* Mask8.swift in Sources */,
				C59531F92BB0BDE7006A5AF7 /* Arrays13.swift in Sources */,
				C5F3350D2BC46B6D00A76471 /* PhotoModelCacheManager.swift in Sources */,
				C5F3350F2BC46E5800A76471 /* PhotoModelFileManager.swift in Sources */,
				C59531E62BAF6AA5006A5AF7 /* GeometryReader5.swift in Sources */,
				C5F335092BC4423000A76471 /* DownloadingImageView.swift in Sources */,
				C5F783F02BB608DF000966E9 /* Typealias19.swift in Sources */,
				C5F783EC2BB5ED69000966E9 /* BackgroundThread17.swift in Sources */,
				C55401A02BBC843900C9ED1A /* Codable21.swift in Sources */,
				C5F335072BC43C7E00A76471 /* DownloadingImagesRow.swift in Sources */,
				C59531F32BB046DA006A5AF7 /* Haptics10.swift in Sources */,
				C59531F52BB049ED006A5AF7 /* LocalNotifications11.swift in Sources */,
				C5F17F632BB232D900F75255 /* CoreDataContainer.xcdatamodeld in Sources */,
				C55401A22BBC97E500C9ED1A /* DownloadEscaping22.swift in Sources */,
				C5F334FF2BC4277C00A76471 /* DownloadingImages28.swift in Sources */,
				C59531E82BAF77F9006A5AF7 /* MultipleSheets7.swift in Sources */,
				C59531F72BB0B359006A5AF7 /* Hashable12.swift in Sources */,
				C59531CE2BADCF90006A5AF7 /* IntemediateCourseApp.swift in Sources */,
				C59531DE2BAEF87E006A5AF7 /* RotationGesture3.swift in Sources */,
				C59531E42BAF62A5006A5AF7 /* ScrollViewReader5.swift in Sources */,
			);
			runOnlyForDeploymentPostprocessing = 0;
		};
/* End PBXSourcesBuildPhase section */

/* Begin XCBuildConfiguration section */
		C59531D62BADCF92006A5AF7 /* Debug */ = {
			isa = XCBuildConfiguration;
			buildSettings = {
				ALWAYS_SEARCH_USER_PATHS = NO;
				CLANG_ANALYZER_NONNULL = YES;
				CLANG_ANALYZER_NUMBER_OBJECT_CONVERSION = YES_AGGRESSIVE;
				CLANG_CXX_LANGUAGE_STANDARD = "gnu++20";
				CLANG_ENABLE_MODULES = YES;
				CLANG_ENABLE_OBJC_ARC = YES;
				CLANG_ENABLE_OBJC_WEAK = YES;
				CLANG_WARN_BLOCK_CAPTURE_AUTORELEASING = YES;
				CLANG_WARN_BOOL_CONVERSION = YES;
				CLANG_WARN_COMMA = YES;
				CLANG_WARN_CONSTANT_CONVERSION = YES;
				CLANG_WARN_DEPRECATED_OBJC_IMPLEMENTATIONS = YES;
				CLANG_WARN_DIRECT_OBJC_ISA_USAGE = YES_ERROR;
				CLANG_WARN_DOCUMENTATION_COMMENTS = YES;
				CLANG_WARN_EMPTY_BODY = YES;
				CLANG_WARN_ENUM_CONVERSION = YES;
				CLANG_WARN_INFINITE_RECURSION = YES;
				CLANG_WARN_INT_CONVERSION = YES;
				CLANG_WARN_NON_LITERAL_NULL_CONVERSION = YES;
				CLANG_WARN_OBJC_IMPLICIT_RETAIN_SELF = YES;
				CLANG_WARN_OBJC_LITERAL_CONVERSION = YES;
				CLANG_WARN_OBJC_ROOT_CLASS = YES_ERROR;
				CLANG_WARN_QUOTED_INCLUDE_IN_FRAMEWORK_HEADER = YES;
				CLANG_WARN_RANGE_LOOP_ANALYSIS = YES;
				CLANG_WARN_STRICT_PROTOTYPES = YES;
				CLANG_WARN_SUSPICIOUS_MOVE = YES;
				CLANG_WARN_UNGUARDED_AVAILABILITY = YES_AGGRESSIVE;
				CLANG_WARN_UNREACHABLE_CODE = YES;
				CLANG_WARN__DUPLICATE_METHOD_MATCH = YES;
				COPY_PHASE_STRIP = NO;
				DEBUG_INFORMATION_FORMAT = dwarf;
				ENABLE_STRICT_OBJC_MSGSEND = YES;
				ENABLE_TESTABILITY = YES;
				GCC_C_LANGUAGE_STANDARD = gnu11;
				GCC_DYNAMIC_NO_PIC = NO;
				GCC_NO_COMMON_BLOCKS = YES;
				GCC_OPTIMIZATION_LEVEL = 0;
				GCC_PREPROCESSOR_DEFINITIONS = (
					"DEBUG=1",
					"$(inherited)",
				);
				GCC_WARN_64_TO_32_BIT_CONVERSION = YES;
				GCC_WARN_ABOUT_RETURN_TYPE = YES_ERROR;
				GCC_WARN_UNDECLARED_SELECTOR = YES;
				GCC_WARN_UNINITIALIZED_AUTOS = YES_AGGRESSIVE;
				GCC_WARN_UNUSED_FUNCTION = YES;
				GCC_WARN_UNUSED_VARIABLE = YES;
				IPHONEOS_DEPLOYMENT_TARGET = 16.0;
				MTL_ENABLE_DEBUG_INFO = INCLUDE_SOURCE;
				MTL_FAST_MATH = YES;
				ONLY_ACTIVE_ARCH = YES;
				SDKROOT = iphoneos;
				SWIFT_ACTIVE_COMPILATION_CONDITIONS = DEBUG;
				SWIFT_OPTIMIZATION_LEVEL = "-Onone";
			};
			name = Debug;
		};
		C59531D72BADCF92006A5AF7 /* Release */ = {
			isa = XCBuildConfiguration;
			buildSettings = {
				ALWAYS_SEARCH_USER_PATHS = NO;
				CLANG_ANALYZER_NONNULL = YES;
				CLANG_ANALYZER_NUMBER_OBJECT_CONVERSION = YES_AGGRESSIVE;
				CLANG_CXX_LANGUAGE_STANDARD = "gnu++20";
				CLANG_ENABLE_MODULES = YES;
				CLANG_ENABLE_OBJC_ARC = YES;
				CLANG_ENABLE_OBJC_WEAK = YES;
				CLANG_WARN_BLOCK_CAPTURE_AUTORELEASING = YES;
				CLANG_WARN_BOOL_CONVERSION = YES;
				CLANG_WARN_COMMA = YES;
				CLANG_WARN_CONSTANT_CONVERSION = YES;
				CLANG_WARN_DEPRECATED_OBJC_IMPLEMENTATIONS = YES;
				CLANG_WARN_DIRECT_OBJC_ISA_USAGE = YES_ERROR;
				CLANG_WARN_DOCUMENTATION_COMMENTS = YES;
				CLANG_WARN_EMPTY_BODY = YES;
				CLANG_WARN_ENUM_CONVERSION = YES;
				CLANG_WARN_INFINITE_RECURSION = YES;
				CLANG_WARN_INT_CONVERSION = YES;
				CLANG_WARN_NON_LITERAL_NULL_CONVERSION = YES;
				CLANG_WARN_OBJC_IMPLICIT_RETAIN_SELF = YES;
				CLANG_WARN_OBJC_LITERAL_CONVERSION = YES;
				CLANG_WARN_OBJC_ROOT_CLASS = YES_ERROR;
				CLANG_WARN_QUOTED_INCLUDE_IN_FRAMEWORK_HEADER = YES;
				CLANG_WARN_RANGE_LOOP_ANALYSIS = YES;
				CLANG_WARN_STRICT_PROTOTYPES = YES;
				CLANG_WARN_SUSPICIOUS_MOVE = YES;
				CLANG_WARN_UNGUARDED_AVAILABILITY = YES_AGGRESSIVE;
				CLANG_WARN_UNREACHABLE_CODE = YES;
				CLANG_WARN__DUPLICATE_METHOD_MATCH = YES;
				COPY_PHASE_STRIP = NO;
				DEBUG_INFORMATION_FORMAT = "dwarf-with-dsym";
				ENABLE_NS_ASSERTIONS = NO;
				ENABLE_STRICT_OBJC_MSGSEND = YES;
				GCC_C_LANGUAGE_STANDARD = gnu11;
				GCC_NO_COMMON_BLOCKS = YES;
				GCC_WARN_64_TO_32_BIT_CONVERSION = YES;
				GCC_WARN_ABOUT_RETURN_TYPE = YES_ERROR;
				GCC_WARN_UNDECLARED_SELECTOR = YES;
				GCC_WARN_UNINITIALIZED_AUTOS = YES_AGGRESSIVE;
				GCC_WARN_UNUSED_FUNCTION = YES;
				GCC_WARN_UNUSED_VARIABLE = YES;
				IPHONEOS_DEPLOYMENT_TARGET = 16.0;
				MTL_ENABLE_DEBUG_INFO = NO;
				MTL_FAST_MATH = YES;
				SDKROOT = iphoneos;
				SWIFT_COMPILATION_MODE = wholemodule;
				SWIFT_OPTIMIZATION_LEVEL = "-O";
				VALIDATE_PRODUCT = YES;
			};
			name = Release;
		};
		C59531D92BADCF92006A5AF7 /* Debug */ = {
			isa = XCBuildConfiguration;
			buildSettings = {
				ASSETCATALOG_COMPILER_APPICON_NAME = AppIcon;
				ASSETCATALOG_COMPILER_GLOBAL_ACCENT_COLOR_NAME = AccentColor;
				CODE_SIGN_STYLE = Automatic;
				CURRENT_PROJECT_VERSION = 1;
				DEVELOPMENT_ASSET_PATHS = "\"IntemediateCourse/Preview Content\"";
				DEVELOPMENT_TEAM = 5Q9R552X69;
				ENABLE_PREVIEWS = YES;
				GENERATE_INFOPLIST_FILE = YES;
				INFOPLIST_KEY_UIApplicationSceneManifest_Generation = YES;
				INFOPLIST_KEY_UIApplicationSupportsIndirectInputEvents = YES;
				INFOPLIST_KEY_UILaunchScreen_Generation = YES;
				INFOPLIST_KEY_UISupportedInterfaceOrientations_iPad = "UIInterfaceOrientationPortrait UIInterfaceOrientationPortraitUpsideDown UIInterfaceOrientationLandscapeLeft UIInterfaceOrientationLandscapeRight";
				INFOPLIST_KEY_UISupportedInterfaceOrientations_iPhone = "UIInterfaceOrientationPortrait UIInterfaceOrientationLandscapeLeft UIInterfaceOrientationLandscapeRight";
				LD_RUNPATH_SEARCH_PATHS = (
					"$(inherited)",
					"@executable_path/Frameworks",
				);
				MARKETING_VERSION = 1.0;
				PRODUCT_BUNDLE_IDENTIFIER = com.ahmetcankacar.IntemediateCourse;
				PRODUCT_NAME = "$(TARGET_NAME)";
				SWIFT_EMIT_LOC_STRINGS = YES;
				SWIFT_VERSION = 5.0;
				TARGETED_DEVICE_FAMILY = "1,2";
			};
			name = Debug;
		};
		C59531DA2BADCF92006A5AF7 /* Release */ = {
			isa = XCBuildConfiguration;
			buildSettings = {
				ASSETCATALOG_COMPILER_APPICON_NAME = AppIcon;
				ASSETCATALOG_COMPILER_GLOBAL_ACCENT_COLOR_NAME = AccentColor;
				CODE_SIGN_STYLE = Automatic;
				CURRENT_PROJECT_VERSION = 1;
				DEVELOPMENT_ASSET_PATHS = "\"IntemediateCourse/Preview Content\"";
				DEVELOPMENT_TEAM = 5Q9R552X69;
				ENABLE_PREVIEWS = YES;
				GENERATE_INFOPLIST_FILE = YES;
				INFOPLIST_KEY_UIApplicationSceneManifest_Generation = YES;
				INFOPLIST_KEY_UIApplicationSupportsIndirectInputEvents = YES;
				INFOPLIST_KEY_UILaunchScreen_Generation = YES;
				INFOPLIST_KEY_UISupportedInterfaceOrientations_iPad = "UIInterfaceOrientationPortrait UIInterfaceOrientationPortraitUpsideDown UIInterfaceOrientationLandscapeLeft UIInterfaceOrientationLandscapeRight";
				INFOPLIST_KEY_UISupportedInterfaceOrientations_iPhone = "UIInterfaceOrientationPortrait UIInterfaceOrientationLandscapeLeft UIInterfaceOrientationLandscapeRight";
				LD_RUNPATH_SEARCH_PATHS = (
					"$(inherited)",
					"@executable_path/Frameworks",
				);
				MARKETING_VERSION = 1.0;
				PRODUCT_BUNDLE_IDENTIFIER = com.ahmetcankacar.IntemediateCourse;
				PRODUCT_NAME = "$(TARGET_NAME)";
				SWIFT_EMIT_LOC_STRINGS = YES;
				SWIFT_VERSION = 5.0;
				TARGETED_DEVICE_FAMILY = "1,2";
			};
			name = Release;
		};
/* End XCBuildConfiguration section */

/* Begin XCConfigurationList section */
		C59531C52BADCF90006A5AF7 /* Build configuration list for PBXProject "IntemediateCourse" */ = {
			isa = XCConfigurationList;
			buildConfigurations = (
				C59531D62BADCF92006A5AF7 /* Debug */,
				C59531D72BADCF92006A5AF7 /* Release */,
			);
			defaultConfigurationIsVisible = 0;
			defaultConfigurationName = Release;
		};
		C59531D82BADCF92006A5AF7 /* Build configuration list for PBXNativeTarget "IntemediateCourse" */ = {
			isa = XCConfigurationList;
			buildConfigurations = (
				C59531D92BADCF92006A5AF7 /* Debug */,
				C59531DA2BADCF92006A5AF7 /* Release */,
			);
			defaultConfigurationIsVisible = 0;
			defaultConfigurationName = Release;
		};
/* End XCConfigurationList section */

/* Begin XCVersionGroup section */
		C595321B2BB20AF9006A5AF7 /* FruitsContainer.xcdatamodeld */ = {
			isa = XCVersionGroup;
			children = (
				C595321C2BB20AF9006A5AF7 /* FruitsContainer.xcdatamodel */,
			);
			currentVersion = C595321C2BB20AF9006A5AF7 /* FruitsContainer.xcdatamodel */;
			path = FruitsContainer.xcdatamodeld;
			sourceTree = "<group>";
			versionGroupType = wrapper.xcdatamodel;
		};
		C5F17F612BB232D900F75255 /* CoreDataContainer.xcdatamodeld */ = {
			isa = XCVersionGroup;
			children = (
				C5F17F622BB232D900F75255 /* CoreDataContainer.xcdatamodel */,
			);
			currentVersion = C5F17F622BB232D900F75255 /* CoreDataContainer.xcdatamodel */;
			path = CoreDataContainer.xcdatamodeld;
			sourceTree = "<group>";
			versionGroupType = wrapper.xcdatamodel;
		};
/* End XCVersionGroup section */
	};
	rootObject = C59531C22BADCF90006A5AF7 /* Project object */;
}
